lockfileVersion: '9.0'

settings:
  autoInstallPeers: false
  excludeLinksFromLockfile: false

importers:

  .:
    devDependencies:
      '@types/node':
        specifier: ^26.2.0
        version: 26.2.0
      '@types/react':
        specifier: ^18.3.31
        version: 18.3.31
      oxlint:
        specifier: ^1.85.0
        version: 1.85.0
      tsdown:
        specifier: ^0.22.2
        version: 0.22.14(typescript@6.0.3)
      typescript:
        specifier: ^6.0.3
        version: 6.0.3

packages:

  '@oxc-project/types@0.144.0':
    resolution: {integrity: sha512-nuhZIOLuI6TFQ32I/WnUx+SCPY7SdSKwgnFHydAuoS1+Z4BRcaP+RRJmGzl9lw+0OFF7UmaESf7KQRXaNLHypg==}

  '@oxlint/binding-android-arm-eabi@1.85.0':
    resolution: {integrity: sha512-q2KO/Zso9UT+OMn0NF9ywn4E4t0MI3yxiDhNyhsQ7DyQJrC4FhFE4TXOi4bktFnOWXTMds8qZSbpv2XwRaNOBg==}
    engines: {node: ^20.19.0 || >=22.12.0}
    cpu: [arm]
    os: [android]

  '@oxlint/binding-android-arm64@1.85.0':
    resolution: {integrity: sha512-SxLN3ALjoT9NNdvpjEevGeHvfzTAFrF0NBYB5tzK7/GtCKMze3j1e/m/X2ozqGj2U9hfGG/dg/OG8vpVK4PiDA==}
    engines: {node: ^20.19.0 || >=22.12.0}
    cpu: [arm64]
    os: [android]

  '@oxlint/binding-darwin-arm64@1.85.0':
    resolution: {integrity: sha512-Y/Sup/J4f0f9UGsSd/xyCNTeWL+gepO63GBdEDAfue9nBsnk9zMmnIXx1O6b1V8C90vB5nucYNZ0pbMXAp8zJA==}
    engines: {node: ^20.19.0 || >=22.12.0}
    cpu: [arm64]
    os: [darwin]

  '@oxlint/binding-darwin-x64@1.85.0':
    resolution: {integrity: sha512-ApOSNC04ynpDTwvBD+//0wyfODRSbEzvRoKpX8teffmc27z8AockwSNeMXGJXn5KP85eahDgR/2llICWLkzcnw==}
    engines: {node: ^20.19.0 || >=22.12.0}
    cpu: [x64]
    os: [darwin]

  '@oxlint/binding-freebsd-x64@1.85.0':
    resolution: {integrity: sha512-bNrVrCOA/kHky3Tu79IXWXe5bhIgLXfUuUEDHlAGOHUk96MkvDZ1ecaQF19rwstrnaqfP1o9nBTqzIr9+ZHkUg==}
    engines: {node: ^20.19.0 || >=22.12.0}
    cpu: [x64]
    os: [freebsd]

  '@oxlint/binding-linux-arm-gnueabihf@1.85.0':
    resolution: {integrity: sha512-NUrzOJ1s/EqsVvfn2L/1D8Wro2LPIZUbihL8kOJLh5fEdGEN3rdOGUYq3HwnUIL8sjpoP+4N6RaGrgmMJnaMPw==}
    engines: {node: ^20.19.0 || >=22.12.0}
    cpu: [arm]
    os: [linux]

  '@oxlint/binding-linux-arm-musleabihf@1.85.0':
    resolution: {integrity: sha512-UJXrAT3E/RWkEqXLIs2ehETja1qfgkPb+5gwLIIS+o/6cf+grHvoOXTa5997a/YNQfcJS0DRBTOfZt95cvOI1g==}
    engines: {node: ^20.19.0 || >=22.12.0}
    cpu: [arm]
    os: [linux]

  '@oxlint/binding-linux-arm64-gnu@1.85.0':
    resolution: {integrity: sha512-lK40QLjI0HxigO7CjDDshEtfYIeiYS0020v5BHFPqN4uuQBQxd2K9LNom2dW15o9F1937quSCRVp4ZsVhdbYdg==}
    engines: {node: ^20.19.0 || >=22.12.0}
    cpu: [arm64]
    os: [linux]
    libc: [glibc]

  '@oxlint/binding-linux-arm64-musl@1.85.0':
    resolution: {integrity: sha512-c2zbdBwGKreHXwRx3gWBuFGJxLhxgsg6YlZ+3H+RgRusU/UEV9jNwJ3HGYK+nRo0LvBa7mt6Kj86xoVotUo8cw==}
    engines: {node: ^20.19.0 || >=22.12.0}
    cpu: [arm64]
    os: [linux]
    libc: [musl]

  '@oxlint/binding-linux-ppc64-gnu@1.85.0':
    resolution: {integrity: sha512-tlt/Hy8lZ97/lCPmCgw/B3k/mwh+BzaIPbPkldZEly7TwLmx0xe2CQcaW2g/rR0dOgS9JNGCZsMEqLhUNMGvaw==}
    engines: {node: ^20.19.0 || >=22.12.0}
    cpu: [ppc64]
    os: [linux]
    libc: [glibc]

  '@oxlint/binding-linux-riscv64-gnu@1.85.0':
    resolution: {integrity: sha512-3tNR9Xey82X0zKuY1d8hJ6Rc9gwRDurmqGLnQZa5xqOXy8/YyiqFXjAtugkKLY82obOlpK1eSiDRlgcNPuxtIg==}
    engines: {node: ^20.19.0 || >=22.12.0}
    cpu: [riscv64]
    os: [linux]
    libc: [glibc]

  '@oxlint/binding-linux-riscv64-musl@1.85.0':
    resolution: {integrity: sha512-wbGRd5PqCcjkJFHhZuZ2OBSUQY9czlQsoA/cQQB9JK/L9mC5MQgGoKAh+xd8QjA5V+0D3j+Qd1lAWn1I8zlelA==}
    engines: {node: ^20.19.0 || >=22.12.0}
    cpu: [riscv64]
    os: [linux]
    libc: [musl]

  '@oxlint/binding-linux-s390x-gnu@1.85.0':
    resolution: {integrity: sha512-3Sn0kSrE4DPZCWV/8o+n4x3aFZxI9ulMnkYlwCbJ8eUVkwRK2IerohE/A/z3SNbCwoPFOCJmGE5Avrq0rrvdvQ==}
    engines: {node: ^20.19.0 || >=22.12.0}
    cpu: [s390x]
    os: [linux]
    libc: [glibc]

  '@oxlint/binding-linux-x64-gnu@1.85.0':
    resolution: {integrity: sha512-JY2pxxYfB62bAGfejljVCqc44etItehPuAyaeSAdMuEMtwNA00ggMnS66lC1oIhos6oOXUkuU6mZ9bpFh3BqWg==}
    engines: {node: ^20.19.0 || >=22.12.0}
    cpu: [x64]
    os: [linux]
    libc: [glibc]

  '@oxlint/binding-linux-x64-musl@1.85.0':
    resolution: {integrity: sha512-5k74vZ6qJBjBHEOlBk9B/iv68Yu0F1Afw/vvT2ar6OGCqEeXLaSjXz2n/IPCbhLG22UoKoYEJTzpYraRdcp6PA==}
    engines: {node: ^20.19.0 || >=22.12.0}
    cpu: [x64]
    os: [linux]
    libc: [musl]

  '@oxlint/binding-openharmony-arm64@1.85.0':
    resolution: {integrity: sha512-GbAl5qt5TCkPLXTaIISZJnugrcBhra6rodcXc9jYt620UtdsTt71NlNmJmm0frxzFpd54x/G+MkitEJA8I/BoA==}
    engines: {node: ^20.19.0 || >=22.12.0}
    cpu: [arm64]
    os: [openharmony]

  '@oxlint/binding-win32-arm64-msvc@1.85.0':
    resolution: {integrity: sha512-kjmws5MK0et2swk4ND85D7NVQyDHw162i6whtZDLUA/lo6FQyBZDcmMRCMcVZcNrAhIaftVb00x9ChGDOjjNJA==}
    engines: {node: ^20.19.0 || >=22.12.0}
    cpu: [arm64]
    os: [win32]

  '@oxlint/binding-win32-ia32-msvc@1.85.0':
    resolution: {integrity: sha512-eSsIJx9n4yxvOqYTZyPEMyEXRmE60XH7xGAU7i0Qbsn1lf6Za3CWJ9aRd82oSFKXaxhp+sA6/yMJVRIpLpna6A==}
    engines: {node: ^20.19.0 || >=22.12.0}
    cpu: [ia32]
    os: [win32]

  '@oxlint/binding-win32-x64-msvc@1.85.0':
    resolution: {integrity: sha512-pBebIPUpKKhWrhSMWhy8TdAZBewiXnfxmaAGxhzxM1068GagqFaTwgKlU6e+UyJ2sPR+VoHouhXuGJkQjsrDvA==}
    engines: {node: ^20.19.0 || >=22.12.0}
    cpu: [x64]
    os: [win32]

  '@quansync/fs@1.0.0':
    resolution: {integrity: sha512-4TJ3DFtlf1L5LDMaM6CanJ/0lckGNtJcMjQ1NAV6zDmA0tEHKZtxNKin8EgPaVX1YzljbxckyT2tJrpQKAtngQ==}

  '@rolldown/binding-android-arm64@1.2.4':
    resolution: {integrity: sha512-jHC2cnyKz5xU2fhECtFl8OZ83cYNt13GZQD+0uMJ/X3o+ijmd56okHhTUwxVSHPx1IRVIJEZ1/1pPzeLCU6XKA==}
    engines: {node: ^20.19.0 || >=22.12.0}
    cpu: [arm64]
    os: [android]

  '@rolldown/binding-darwin-arm64@1.2.4':
    resolution: {integrity: sha512-Dc5mPD8F5F/FS8i01syd7FTF6yB2fVthH/TRkjwJkzUK6EpoxHtqvZQP5Zwq80/5z19TWYHIg1KOHboCgVx/aQ==}
    engines: {node: ^20.19.0 || >=22.12.0}
    cpu: [arm64]
    os: [darwin]

  '@rolldown/binding-darwin-x64@1.2.4':
    resolution: {integrity: sha512-fpDm4oBo6SqLvWUYCmFhdde3U9KH2fRNNMeAnAPAIwxRL345xutL0EtEUcuoxsoazdJGv/MuDBQHlCDrtbvqOg==}
    engines: {node: ^20.19.0 || >=22.12.0}
    cpu: [x64]
    os: [darwin]

  '@rolldown/binding-freebsd-x64@1.2.4':
    resolution: {integrity: sha512-rSJoreDE/HoIzoaib6MTp5jQtCTdMHKIvItAKT/ImS6Y6Ww76oUaeMyp4Vc/fAgd/ehji068IxetHXAnqUwN9A==}
    engines: {node: ^20.19.0 || >=22.12.0}
    cpu: [x64]
    os: [freebsd]

  '@rolldown/binding-linux-arm-gnueabihf@1.2.4':
    resolution: {integrity: sha512-/jm8OGHgn7oGaJu3i/qZI9spUGcJ+y/lk43ttQ/iO1tOd9NissG6o97bighBCiL+BKRngmcDuR6ikfwYdJmVuQ==}
    engines: {node: ^20.19.0 || >=22.12.0}
    cpu: [arm]
    os: [linux]

  '@rolldown/binding-linux-arm64-gnu@1.2.4':
    resolution: {integrity: sha512-tIP06BeD9EqvECBrPZ+sqdPlYrT+aYaAiu1wYziVx5elRK/ftm33JxVDy2bXGbr6J0CrtirCkR87/X5a2euEng==}
    engines: {node: ^20.19.0 || >=22.12.0}
    cpu: [arm64]
    os: [linux]
    libc: [glibc]

  '@rolldown/binding-linux-arm64-musl@1.2.4':
    resolution: {integrity: sha512-Ql1Q0EQqVThvn9VAVlwNzsUvbSFtCMGjLpRRi4pk5i7NZZ4n5ISiLMjHYtus4VQ2PvkSw24zyaCVsiS+sXPj1w==}
    engines: {node: ^20.19.0 || >=22.12.0}
    cpu: [arm64]
    os: [linux]
    libc: [musl]

  '@rolldown/binding-linux-ppc64-gnu@1.2.4':
    resolution: {integrity: sha512-GjbjXD4XXfN19D0LZNbmiCBUoDiRACsYHr0yaIbbn8aFsXjHZifcYqu/W5Er5X2X990WjHXFrxarn5chzItorQ==}
    engines: {node: ^20.19.0 || >=22.12.0}
    cpu: [ppc64]
    os: [linux]
    libc: [glibc]

  '@rolldown/binding-linux-s390x-gnu@1.2.4':
    resolution: {integrity: sha512-p5WR0NOwaRmJ/B1b6IjEFLLivwEsf3PrdBIhRbhTCQisbo2SvHHpG4ELB/+FgQNnB88LTOF86upmJmbvZdQ2lw==}
    engines: {node: ^20.19.0 || >=22.12.0}
    cpu: [s390x]
    os: [linux]
    libc: [glibc]

  '@rolldown/binding-linux-x64-gnu@1.2.4':
    resolution: {integrity: sha512-4/GyVjmhR+Tc6HLJvwc1sOhPqAZtySiSMesOZyX6JQ5XBxoTDEMKQzvo07NIK6nTon/SivlZqvhzvuVBNQhObQ==}
    engines: {node: ^20.19.0 || >=22.12.0}
    cpu: [x64]
    os: [linux]
    libc: [glibc]

  '@rolldown/binding-linux-x64-musl@1.2.4':
    resolution: {integrity: sha512-l9eeLsCNvPpmSXUej0etw/J1eqV0Jj1D5G/xG6YTijmE6dkv6E2QezgWbTfQk63v952DPqrjOCoiqxq7Bw0YUQ==}
    engines: {node: ^20.19.0 || >=22.12.0}
    cpu: [x64]
    os: [linux]
    libc: [musl]

  '@rolldown/binding-openharmony-arm64@1.2.4':
    resolution: {integrity: sha512-e0F355MSTMm3+UOqtV3L24gFUp2N5m1f8L/7d56deik6va+AXdrt9F8LbzGpeWGWRbZEDq4m8NVnJDeBtf9DZg==}
    engines: {node: ^20.19.0 || >=22.12.0}
    cpu: [arm64]
    os: [openharmony]

  '@rolldown/binding-win32-arm64-msvc@1.2.4':
    resolution: {integrity: sha512-AWLi0uBRYh6QlE7OKhiz+phZC0qwtij2QZmhmOdsLdFn64m7oMpooE9ICE3lhm9xMb4SpDo2WbHcxX1iFLFtqw==}
    engines: {node: ^20.19.0 || >=22.12.0}
    cpu: [arm64]
    os: [win32]

  '@rolldown/binding-win32-x64-msvc@1.2.4':
    resolution: {integrity: sha512-UwSDJOg3dqCAejWdxclJjCsh3Qq4vLYMDxmyHqo1btz3stK2VqgwNd3mm5tuIwzSlGIQ/1H9Hr+Zn09mrezNqQ==}
    engines: {node: ^20.19.0 || >=22.12.0}
    cpu: [x64]
    os: [win32]

  '@rolldown/pluginutils@1.0.1':
    resolution: {integrity: sha512-2j9bGt5Jh8hj+vPtgzPtl72j0yRxHAyumoo6TNfAjsLB04UtpSvPbPcDcBMxz7n+9CYB0c1GxQFxYRg2jimqGw==}

  '@types/node@26.2.0':
    resolution: {integrity: sha512-5IviulTZeRNp2vAJ514cc/HUlY5nZ9fCbq9DMyC52BrhFZACo3nI0R7qBxhQmo/d27NFe96ur/b7Wwxklda+kg==}

  '@types/prop-types@15.7.15':
    resolution: {integrity: sha512-F6bEyamV9jKGAFBEmlQnesRPGOQqS2+Uwi0Em15xenOxHaf2hv6L8YCVn3rPdPJOiJfPiCnLIRyvwVaqMY3MIw==}

  '@types/react@18.3.31':
    resolution: {integrity: sha512-vfEqpXTvwT91yhmwdfouStN2hSKwTvyRs8qpLfADyrq/kxDw0hZM7Wk9Ug1FELj8hIby+S/+kQCSRFF32nv2Qw==}

  '@yuku-codegen/binding-android-arm64@0.8.7':
    resolution: {integrity: sha512-C/0zV5IhgVdYhGJTwrY0v8dknxlhiKwtVJkMUaexu9/QvRmzlV4vfU3hZlUSgqc2BxQHntL1mCVbDq8j0FRFDw==}
    cpu: [arm64]
    os: [android]

  '@yuku-codegen/binding-darwin-arm64@0.8.7':
    resolution: {integrity: sha512-/u+REDMI4a0/lsJXTM4c53/w31OGZLOReZIyg62uhgLs0kc8NHsj/nOcxTdlQjq5gi0zhdkccD9LaLTXcdzPvw==}
    cpu: [arm64]
    os: [darwin]

  '@yuku-codegen/binding-darwin-x64@0.8.7':
    resolution: {integrity: sha512-sMMzFOwCo4WXR+/6zIBThOocSC50iIIZZdfiIDbaLvj0Ax/rWt/iavyfEAqajyvzydLyCqR/ZItdLWSRlu1umw==}
    cpu: [x64]
    os: [darwin]

  '@yuku-codegen/binding-freebsd-x64@0.8.7':
    resolution: {integrity: sha512-MpdpKXix9P+Y1rKgjvcNeNtGjXeL1CmttNhYINrWls8kRpm4xM/oBGTmn6w7to8lAlwj5jm8q03dQPl5mRv4Qw==}
    cpu: [x64]
    os: [freebsd]

  '@yuku-codegen/binding-linux-arm-gnu@0.8.7':
    resolution: {integrity: sha512-rr1srFLlPAmC1vtxfc9C1YLDe3iH09YjfSeeIidBqKhzx1MATjOAq4mjlRUOnhr/L27MotWIYOFKwVsd5JZFOg==}
    cpu: [arm]
    os: [linux]
    libc: [glibc]

  '@yuku-codegen/binding-linux-arm-musl@0.8.7':
    resolution: {integrity: sha512-eAufXh8qBRpiSO6ueaMDL+yyoXIGLhpUce72YbcACtZU2qhExwBIJyEtQf5kH2Ki0X2aqkSjSfog4OPtKXan3Q==}
    cpu: [arm]
    os: [linux]
    libc: [musl]

  '@yuku-codegen/binding-linux-arm64-gnu@0.8.7':
    resolution: {integrity: sha512-gw4w6wPoHObBrdIC4duVWLmJOvpdE25j5D7yrM5mACNlK4klRz/lv8hK+ssQk9EJHBgZjSaqZIJVFgqNYbfv7A==}
    cpu: [arm64]
    os: [linux]
    libc: [glibc]

  '@yuku-codegen/binding-linux-arm64-musl@0.8.7':
    resolution: {integrity: sha512-L68N6Y4XkqcIaKo3Ra88JEvBEH4AHff44A4INcrxeVWZ8CZtu2tCpfVxe3hR8qQQMcvBSQlDn24KpkCKEhVvfA==}
    cpu: [arm64]
    os: [linux]
    libc: [musl]

  '@yuku-codegen/binding-linux-x64-gnu@0.8.7':
    resolution: {integrity: sha512-dzyAbltJmf3Cqlb8HcFuYIf5Yn0fl1vTr3XJ9HiVNNvOlhqPSArOqtw9vI1p6/VTXTjrMLXlU+s+/kNHiIy/Cw==}
    cpu: [x64]
    os: [linux]
    libc: [glibc]

  '@yuku-codegen/binding-linux-x64-musl@0.8.7':
    resolution: {integrity: sha512-Otw4MH3404q0Bbvl+YTdW9aoUV5vXmUw8260bWvt1XlaoIX/ceSgI4ygheRDMfBPoHt6FDayQaO9OLVUZAgkFA==}
    cpu: [x64]
    os: [linux]
    libc: [musl]

  '@yuku-codegen/binding-win32-arm64@0.8.7':
    resolution: {integrity: sha512-qo/jyrzryiBuKEsFiuWaBCBe3tRMynQ0qFWFgOEjcCMQeZfBm+wKiVEUEFXXLc7bh8YezguAWp0Mtnhq4ARNyA==}
    cpu: [arm64]
    os: [win32]

  '@yuku-codegen/binding-win32-x64@0.8.7':
    resolution: {integrity: sha512-D5lDsVDx6m00E6bWySlWdH72Ca4TPSaphDqB6QjU6MpuNLIJqoGoatYyq2rOmBE8Zv/kunot/o58KGL03P3eiA==}
    cpu: [x64]
    os: [win32]

  '@yuku-parser/binding-android-arm64@0.8.7':
    resolution: {integrity: sha512-eGKYiUDX7Y0V7tDTmg+JTVnXnjMqfXXsorZ+EDf5kxwchQ3Or1HS14MzI2fw+jFhHR85fCWt+mtX33Yao73hIQ==}
    cpu: [arm64]
    os: [android]

  '@yuku-parser/binding-darwin-arm64@0.8.7':
    resolution: {integrity: sha512-Re0RHelKLnjEURulY2/KxW+Ngb8zuNA4BRZuMwgGQNzVumT6u4U2N2hc01oeYVNVof0i7GrXE4UCNBgbpRRnjQ==}
    cpu: [arm64]
    os: [darwin]

  '@yuku-parser/binding-darwin-x64@0.8.7':
    resolution: {integrity: sha512-Hn8DROtQkjlA1ACbPgj4a7eP9IuVOI504oiTwpkWPbpaDWD9KdmnVYCqW+1LfenNK/g7O9NhWGpXEdaCNX7lIA==}
    cpu: [x64]
    os: [darwin]

  '@yuku-parser/binding-freebsd-x64@0.8.7':
    resolution: {integrity: sha512-bAP2OV8wRuzplX/jYxv9+vvqQT8JxyNphI8fLfXGL054Xs+4/J5u33cIm3y4rxY8rdoLmmdiJs2Tq7r7lrDRfA==}
    cpu: [x64]
    os: [freebsd]

  '@yuku-parser/binding-linux-arm-gnu@0.8.7':
    resolution: {integrity: sha512-kTYwJQQgmZeAWdDIWabiReIZMpmfLueIj1tCmjStUtFGhR1Z0qwxonKVfUC4N7h/VhGGzLZ//7O1kgt1QKqgCg==}
    cpu: [arm]
    os: [linux]
    libc: [glibc]

  '@yuku-parser/binding-linux-arm-musl@0.8.7':
    resolution: {integrity: sha512-uL4jE8HPT2BLlxAXyD10LqgPuXa9eDa0BKpCdSANmzIJghq/2eZo3/gQNtaxPZMupWoxjYzSad9IXrwu7aYPXQ==}
    cpu: [arm]
    os: [linux]
    libc: [musl]

  '@yuku-parser/binding-linux-arm64-gnu@0.8.7':
    resolution: {integrity: sha512-3gVN4pWSKZmXiNX7cU164dR9MPvesCHnlH6nPfpK+yQsCuYphjKKplcb4SnZBrhiqmXbgb2HR0c2TS0IZUPhgA==}
    cpu: [arm64]
    os: [linux]
    libc: [glibc]

  '@yuku-parser/binding-linux-arm64-musl@0.8.7':
    resolution: {integrity: sha512-S0mwfEjoLpxzXeZw802Wa4RaELsQiPtWqG6INcy8j4GtvNFtl4LCX3eGO1XLn9pyLAISLzTRyU3zUCBUPin8lg==}
    cpu: [arm64]
    os: [linux]
    libc: [musl]

  '@yuku-parser/binding-linux-x64-gnu@0.8.7':
    resolution: {integrity: sha512-lnbWdPmerE5D1uH1G4IEZKnPzCrWCStRGrtgpSIe1RibAo5bZIjDbbbPYXmMHCEh4F+x/JaJpElh26a3r+BPbg==}
    cpu: [x64]
    os: [linux]
    libc: [glibc]

  '@yuku-parser/binding-linux-x64-musl@0.8.7':
    resolution: {integrity: sha512-769uwndMvMzUvATWbAcEvyLHKA+DzhHSCl/obBUrRdYfRo26yxui6S8y3z7uJ+Naup7UKrDxrpK7OnQkxkl9KQ==}
    cpu: [x64]
    os: [linux]
    libc: [musl]

  '@yuku-parser/binding-win32-arm64@0.8.7':
    resolution: {integrity: sha512-mEB/9PlaAkisJ6KWGz0zvywXoU6+80dTlR2LwS7s/jcXXoU6fm2+sitBZXtqu3+Q4DcDgPxM45uWMCzPs0TSRw==}
    cpu: [arm64]
    os: [win32]

  '@yuku-parser/binding-win32-x64@0.8.7':
    resolution: {integrity: sha512-8vNB2DP0ou61nGb8tc/qfi41gfyDXz1MHr2zqL3nR+cJ6CEbiuWV/l/a/vv151gCgiZLLAyGkQGENpozdg716w==}
    cpu: [x64]
    os: [win32]

  '@yuku-toolchain/types@0.8.7':
    resolution: {integrity: sha512-2Z53dNxAJL6UvFoIrDZvYf3zlO8s4VJK4O2hhaB4mXVwwpX/7ajtss3cmfqKvamlNLWyt9FSWs4eoYdlbxpnHA==}

  ansis@4.3.1:
    resolution: {integrity: sha512-BJ8/l4R5LRE7hW9WdSuGYrLSHi2ynxeFpDFbH0K/CgNeY/tyhk+vO6TYxXC5r5CpUhNVX310xzPsN/H9lCdfOA==}
    engines: {node: '>=14'}

  cac@7.0.0:
    resolution: {integrity: sha512-tixWYgm5ZoOD+3g6UTea91eow5z6AAHaho3g0V9CNSNb45gM8SmflpAc+GRd1InC4AqN/07Unrgp56Y94N9hJQ==}
    engines: {node: '>=20.19.0'}

  csstype@3.2.3:
    resolution: {integrity: sha512-z1HGKcYy2xA8AGQfwrn0PAy+PB7X/GSj3UVJW9qKyn43xWa+gl5nXmU4qqLMRzWVLFC8KusUX8T/0kCiOYpAIQ==}

  defu@6.1.7:
    resolution: {integrity: sha512-7z22QmUWiQ/2d0KkdYmANbRUVABpZ9SNYyH5vx6PZ+nE5bcC0l7uFvEfHlyld/HcGBFTL536ClDt3DEcSlEJAQ==}

  dts-resolver@3.0.0:
    resolution: {integrity: sha512-1T1f+z+4tl9XD+m+0HBgWoL/nm0bOIffyWaUuUSBlFg/86IWvfx+wjNaO/ybU0AJzG9/Mi5hBUgGV6zCmWEN7Q==}
    engines: {node: ^22.18.0 || >=24.0.0}
    peerDependencies:
      oxc-resolver: '>=11.0.0'
    peerDependenciesMeta:
      oxc-resolver:
        optional: true

  empathic@2.0.1:
    resolution: {integrity: sha512-YGRs8knHhKHVShLkFET/rWAU8kmHbOV5LwN938RHI0pljAJ1Gf6SzXsSmRaEzcXTtOOmVqJ5+WtQPL5uigY50Q==}
    engines: {node: '>=14'}

  fdir@6.5.0:
    resolution: {integrity: sha512-tIbYtZbucOs0BRGqPJkshJUYdL+SDH7dVM8gjy+ERp3WAUjLEFJE+02kanyHtwjWOnwrKYBiwAmM0p4kLJAnXg==}
    engines: {node: '>=12.0.0'}
    peerDependencies:
      picomatch: ^3 || ^4
    peerDependenciesMeta:
      picomatch:
        optional: true

  get-tsconfig@5.0.0-beta.5:
    resolution: {integrity: sha512-/6gFNr0N04nob252sTQxyFLi3eKFRqIg1I87YcqAMT1i6SQrSF6KujUEQrtrjMV0H/eejTCltLdDSTEMzHbnsQ==}
    engines: {node: '>=20.20.0'}

  hookable@6.1.1:
    resolution: {integrity: sha512-U9LYDy1CwhMCnprUfeAZWZGByVbhd54hwepegYTK7Pi5NvqEj63ifz5z+xukznehT7i6NIZRu89Ay1AZmRsLEQ==}

  import-without-cache@0.4.0:
    resolution: {integrity: sha512-NkJQA7oZ4YHQhd2+H3BoRFKF3d/XNsiKpHZCQEMH9pDX27hQQLsTyOocyRgaIVtf8gHX3Nt3LPkR4e5EdtPAGQ==}
    engines: {node: ^22.18.0 || >=24.0.0}

  obug@2.1.4:
    resolution: {integrity: sha512-4a+OsYv9UktOJKE+l1A4OufDgdRF9PifWj+tJnHURo/P+WOxpG4GzUFL9qCalmWauao6ogiG+QvnCovwPoyAWA==}
    engines: {node: '>=12.20.0'}

  oxlint@1.85.0:
    resolution: {integrity: sha512-bc26s97nuvPj1ViyPsqmKecVkUWFMEdtayO8MaQ6oiLfs1pj94cQlZZhrh4BPNlr9HQosjhIlwgZKsfcwmcNgg==}
    engines: {node: ^20.19.0 || >=22.12.0}
    hasBin: true
    peerDependencies:
      oxlint-tsgolint: '>=7.0.2001'
      vite-plus: '*'
    peerDependenciesMeta:
      oxlint-tsgolint:
        optional: true
      vite-plus:
        optional: true

  picomatch@4.0.5:
    resolution: {integrity: sha512-RvwwcruNjI1ncT5xRakeyS9Lf8lcItv34KD+aif+VH9kduAyfYBipGh12274xtenIPZ119/R9BdTBa8gAwSh0A==}
    engines: {node: '>=12'}

  quansync@1.0.0:
    resolution: {integrity: sha512-5xZacEEufv3HSTPQuchrvV6soaiACMFnq1H8wkVioctoH3TRha9Sz66lOxRwPK/qZj7HPiSveih9yAyh98gvqA==}

  resolve-pkg-maps@1.0.0:
    resolution: {integrity: sha512-seS2Tj26TBVOC2NIc2rOe2y2ZO7efxITtLZcGSOnHHNOQ7CkiUBfw0Iw2ck6xkIhPwLhKNLS8BO+hEpngQlqzw==}

  rolldown-plugin-dts@0.27.14:
    resolution: {integrity: sha512-ZvuDDwoIpRK9RPxDXratCpklFO9QZZWndf/sd0VBFb4LEj0jj07UcHK9OCh7V4XiFz2Z89ziyBC2K6tJiDjrbw==}
    engines: {node: ^22.18.0 || >=24.11.0}
    peerDependencies:
      '@typescript/native-preview': '*'
      '@volar/typescript': ~2.4.0
      rolldown: ^1.0.0
      typescript: ^5.0.0 || ^6.0.0 || ~7.0.0
      vue-tsc: ~3.2.0 || ~3.3.0
    peerDependenciesMeta:
      '@typescript/native-preview':
        optional: true
      '@volar/typescript':
        optional: true
      typescript:
        optional: true
      vue-tsc:
        optional: true

  rolldown@1.2.4:
    resolution: {integrity: sha512-rSr7irW0K7QRWzjdJXqZowkcRdDtjRduh43rBltnVKd0VFq839l1lJoDvGJb6gl7+4rTTCrPWu+YfujUL8Ug7w==}
    engines: {node: ^20.19.0 || >=22.12.0}
    hasBin: true

  tinyexec@1.3.0:
    resolution: {integrity: sha512-QKAl9m8gWWGHV8jZcPeym6j+XULi6tOf1mT83WYJ4Lk2ytW/uwAWkrP0uFsdoYMdueVJ0qs26wZ+23xeB4ibNQ==}
    engines: {node: '>=18'}

  tinyglobby@0.2.17:
    resolution: {integrity: sha512-wXR/dYpcqKmfWpEdZjiKJOwCNFndD0DMnrW/cYjVGttEkBfVgcLFHoNrlj47mjOVic9yyNu65alsgF4NQyTa2g==}
    engines: {node: '>=12.0.0'}

  tree-kill@1.2.2:
    resolution: {integrity: sha512-L0Orpi8qGpRG//Nd+H90vFB+3iHnue1zSSGmNOOCh1GLJ7rUKVwV2HvijphGQS2UmhUZewS9VgvxYIdgr+fG1A==}
    hasBin: true

  tsdown@0.22.14:
    resolution: {integrity: sha512-ule7Y+fsAN2iZbLDoo7C4KYljFJNJJ+fLshyn+9gozeTspVersWHxwdGB+Dm2hzA38s6muFnUTl0jK3vJm9ifQ==}
    engines: {node: ^22.18.0 || >=24.11.0}
    hasBin: true
    peerDependencies:
      '@arethetypeswrong/core': ^0.18.1
      '@tsdown/css': 0.22.14
      '@tsdown/exe': 0.22.14
      '@vitejs/devtools': '*'
      publint: ^0.3.8
      tsx: '*'
      typescript: ^5.0.0 || ^6.0.0 || ^7.0.0
      unplugin-unused: ^0.5.0
      unrun: '*'
    peerDependenciesMeta:
      '@arethetypeswrong/core':
        optional: true
      '@tsdown/css':
        optional: true
      '@tsdown/exe':
        optional: true
      '@vitejs/devtools':
        optional: true
      publint:
        optional: true
      tsx:
        optional: true
      typescript:
        optional: true
      unplugin-unused:
        optional: true
      unrun:
        optional: true

  typescript@6.0.3:
    resolution: {integrity: sha512-y2TvuxSZPDyQakkFRPZHKFm+KKVqIisdg9/CZwm9ftvKXLP8NRWj38/ODjNbr43SsoXqNuAisEf1GdCxqWcdBw==}
    engines: {node: '>=14.17'}
    hasBin: true

  unconfig-core@7.5.0:
    resolution: {integrity: sha512-Su3FauozOGP44ZmKdHy2oE6LPjk51M/TRRjHv2HNCWiDvfvCoxC2lno6jevMA91MYAdCdwP05QnWdWpSbncX/w==}

  undici-types@8.3.0:
    resolution: {integrity: sha512-j375ScV60dom+YkPFIfTLcOiPxkN/buHz5GobjLhixFuANaNs3C9l4GmrWqejgXWJ7BbJcFYpTEUkS1Ge8bpZQ==}

  verkit@0.3.2:
    resolution: {integrity: sha512-zj/ob3UsvJGN0whEAKFp53REA5X66hvffVqoCtVQAakJKnKlH+/PcOfMoFwIG/o4rElqLv/ycAFlx8ZlXUorCg==}
    engines: {node: '>=18.12.0'}

  yuku-ast@0.8.7:
    resolution: {integrity: sha512-h6+4bDfyootiMB9vckk5uKo5r5j0GHrkr17FQTDNfEsFT3DWlN9uu1HJwQwc64pgmLCI945fWM3lbTIqxjT3GQ==}

  yuku-codegen@0.8.7:
    resolution: {integrity: sha512-adwDZSh8oVDzhE6Du9PwVWxcOxeV0e2EVhUuMKWfhSY4wkrDq9eqixlxFF3l/XGUV1E7UFzhpz9393MUumkyNw==}

  yuku-parser@0.8.7:
    resolution: {integrity: sha512-vRD9nwt4L3aYpxNqeSC4WqLv58xrXef0Ong1Mc45CTXTIpvLafx7JO05sczmQZwdLEZvywrLOGdNC5+Rp5N1BQ==}

snapshots:

  '@oxc-project/types@0.144.0': {}

  '@oxlint/binding-android-arm-eabi@1.85.0':
    optional: true

  '@oxlint/binding-android-arm64@1.85.0':
    optional: true

  '@oxlint/binding-darwin-arm64@1.85.0':
    optional: true

  '@oxlint/binding-darwin-x64@1.85.0':
    optional: true

  '@oxlint/binding-freebsd-x64@1.85.0':
    optional: true

  '@oxlint/binding-linux-arm-gnueabihf@1.85.0':
    optional: true

  '@oxlint/binding-linux-arm-musleabihf@1.85.0':
    optional: true

  '@oxlint/binding-linux-arm64-gnu@1.85.0':
    optional: true

  '@oxlint/binding-linux-arm64-musl@1.85.0':
    optional: true

  '@oxlint/binding-linux-ppc64-gnu@1.85.0':
    optional: true

  '@oxlint/binding-linux-riscv64-gnu@1.85.0':
    optional: true

  '@oxlint/binding-linux-riscv64-musl@1.85.0':
    optional: true

  '@oxlint/binding-linux-s390x-gnu@1.85.0':
    optional: true

  '@oxlint/binding-linux-x64-gnu@1.85.0':
    optional: true

  '@oxlint/binding-linux-x64-musl@1.85.0':
    optional: true

  '@oxlint/binding-openharmony-arm64@1.85.0':
    optional: true

  '@oxlint/binding-win32-arm64-msvc@1.85.0':
    optional: true

  '@oxlint/binding-win32-ia32-msvc@1.85.0':
    optional: true

  '@oxlint/binding-win32-x64-msvc@1.85.0':
    optional: true

  '@quansync/fs@1.0.0':
    dependencies:
      quansync: 1.0.0

  '@rolldown/binding-android-arm64@1.2.4':
    optional: true

  '@rolldown/binding-darwin-arm64@1.2.4':
    optional: true

  '@rolldown/binding-darwin-x64@1.2.4':
    optional: true

  '@rolldown/binding-freebsd-x64@1.2.4':
    optional: true

  '@rolldown/binding-linux-arm-gnueabihf@1.2.4':
    optional: true

  '@rolldown/binding-linux-arm64-gnu@1.2.4':
    optional: true

  '@rolldown/binding-linux-arm64-musl@1.2.4':
    optional: true

  '@rolldown/binding-linux-ppc64-gnu@1.2.4':
    optional: true

  '@rolldown/binding-linux-s390x-gnu@1.2.4':
    optional: true

  '@rolldown/binding-linux-x64-gnu@1.2.4':
    optional: true

  '@rolldown/binding-linux-x64-musl@1.2.4':
    optional: true

  '@rolldown/binding-openharmony-arm64@1.2.4':
    optional: true

  '@rolldown/binding-win32-arm64-msvc@1.2.4':
    optional: true

  '@rolldown/binding-win32-x64-msvc@1.2.4':
    optional: true

  '@rolldown/pluginutils@1.0.1': {}

  '@types/node@26.2.0':
    dependencies:
      undici-types: 8.3.0

  '@types/prop-types@15.7.15': {}

  '@types/react@18.3.31':
    dependencies:
      '@types/prop-types': 15.7.15
      csstype: 3.2.3

  '@yuku-codegen/binding-android-arm64@0.8.7':
    optional: true

  '@yuku-codegen/binding-darwin-arm64@0.8.7':
    optional: true

  '@yuku-codegen/binding-darwin-x64@0.8.7':
    optional: true

  '@yuku-codegen/binding-freebsd-x64@0.8.7':
    optional: true

  '@yuku-codegen/binding-linux-arm-gnu@0.8.7':
    optional: true

  '@yuku-codegen/binding-linux-arm-musl@0.8.7':
    optional: true

  '@yuku-codegen/binding-linux-arm64-gnu@0.8.7':
    optional: true

  '@yuku-codegen/binding-linux-arm64-musl@0.8.7':
    optional: true

  '@yuku-codegen/binding-linux-x64-gnu@0.8.7':
    optional: true

  '@yuku-codegen/binding-linux-x64-musl@0.8.7':
    optional: true

  '@yuku-codegen/binding-win32-arm64@0.8.7':
    optional: true

  '@yuku-codegen/binding-win32-x64@0.8.7':
    optional: true

  '@yuku-parser/binding-android-arm64@0.8.7':
    optional: true

  '@yuku-parser/binding-darwin-arm64@0.8.7':
    optional: true

  '@yuku-parser/binding-darwin-x64@0.8.7':
    optional: true

  '@yuku-parser/binding-freebsd-x64@0.8.7':
    optional: true

  '@yuku-parser/binding-linux-arm-gnu@0.8.7':
    optional: true

  '@yuku-parser/binding-linux-arm-musl@0.8.7':
    optional: true

  '@yuku-parser/binding-linux-arm64-gnu@0.8.7':
    optional: true

  '@yuku-parser/binding-linux-arm64-musl@0.8.7':
    optional: true

  '@yuku-parser/binding-linux-x64-gnu@0.8.7':
    optional: true

  '@yuku-parser/binding-linux-x64-musl@0.8.7':
    optional: true

  '@yuku-parser/binding-win32-arm64@0.8.7':
    optional: true

  '@yuku-parser/binding-win32-x64@0.8.7':
    optional: true

  '@yuku-toolchain/types@0.8.7': {}

  ansis@4.3.1: {}

  cac@7.0.0: {}

  csstype@3.2.3: {}

  defu@6.1.7: {}

  dts-resolver@3.0.0: {}

  empathic@2.0.1: {}

  fdir@6.5.0(picomatch@4.0.5):
    optionalDependencies:
      picomatch: 4.0.5

  get-tsconfig@5.0.0-beta.5:
    dependencies:
      resolve-pkg-maps: 1.0.0

  hookable@6.1.1: {}

  import-without-cache@0.4.0: {}

  obug@2.1.4: {}

  oxlint@1.85.0:
    optionalDependencies:
      '@oxlint/binding-android-arm-eabi': 1.85.0
      '@oxlint/binding-android-arm64': 1.85.0
      '@oxlint/binding-darwin-arm64': 1.85.0
      '@oxlint/binding-darwin-x64': 1.85.0
      '@oxlint/binding-freebsd-x64': 1.85.0
      '@oxlint/binding-linux-arm-gnueabihf': 1.85.0
      '@oxlint/binding-linux-arm-musleabihf': 1.85.0
      '@oxlint/binding-linux-arm64-gnu': 1.85.0
      '@oxlint/binding-linux-arm64-musl': 1.85.0
      '@oxlint/binding-linux-ppc64-gnu': 1.85.0
      '@oxlint/binding-linux-riscv64-gnu': 1.85.0
      '@oxlint/binding-linux-riscv64-musl': 1.85.0
      '@oxlint/binding-linux-s390x-gnu': 1.85.0
      '@oxlint/binding-linux-x64-gnu': 1.85.0
      '@oxlint/binding-linux-x64-musl': 1.85.0
      '@oxlint/binding-openharmony-arm64': 1.85.0
      '@oxlint/binding-win32-arm64-msvc': 1.85.0
      '@oxlint/binding-win32-ia32-msvc': 1.85.0
      '@oxlint/binding-win32-x64-msvc': 1.85.0

  picomatch@4.0.5: {}

  quansync@1.0.0: {}

  resolve-pkg-maps@1.0.0: {}

  rolldown-plugin-dts@0.27.14(rolldown@1.2.4)(typescript@6.0.3):
    dependencies:
      dts-resolver: 3.0.0
      get-tsconfig: 5.0.0-beta.5
      obug: 2.1.4
      rolldown: 1.2.4
      yuku-ast: 0.8.7
      yuku-codegen: 0.8.7
      yuku-parser: 0.8.7
    optionalDependencies:
      typescript: 6.0.3
    transitivePeerDependencies:
      - oxc-resolver

  rolldown@1.2.4:
    dependencies:
      '@oxc-project/types': 0.144.0
      '@rolldown/pluginutils': 1.0.1
    optionalDependencies:
      '@rolldown/binding-android-arm64': 1.2.4
      '@rolldown/binding-darwin-arm64': 1.2.4
      '@rolldown/binding-darwin-x64': 1.2.4
      '@rolldown/binding-freebsd-x64': 1.2.4
      '@rolldown/binding-linux-arm-gnueabihf': 1.2.4
      '@rolldown/binding-linux-arm64-gnu': 1.2.4
      '@rolldown/binding-linux-arm64-musl': 1.2.4
      '@rolldown/binding-linux-ppc64-gnu': 1.2.4
      '@rolldown/binding-linux-s390x-gnu': 1.2.4
      '@rolldown/binding-linux-x64-gnu': 1.2.4
      '@rolldown/binding-linux-x64-musl': 1.2.4
      '@rolldown/binding-openharmony-arm64': 1.2.4
      '@rolldown/binding-win32-arm64-msvc': 1.2.4
      '@rolldown/binding-win32-x64-msvc': 1.2.4

  tinyexec@1.3.0: {}

  tinyglobby@0.2.17:
    dependencies:
      fdir: 6.5.0(picomatch@4.0.5)
      picomatch: 4.0.5

  tree-kill@1.2.2: {}

  tsdown@0.22.14(typescript@6.0.3):
    dependencies:
      ansis: 4.3.1
      cac: 7.0.0
      defu: 6.1.7
      empathic: 2.0.1
      hookable: 6.1.1
      import-without-cache: 0.4.0
      obug: 2.1.4
      picomatch: 4.0.5
      rolldown: 1.2.4
      rolldown-plugin-dts: 0.27.14(rolldown@1.2.4)(typescript@6.0.3)
      tinyexec: 1.3.0
      tinyglobby: 0.2.17
      tree-kill: 1.2.2
      unconfig-core: 7.5.0
      verkit: 0.3.2
    optionalDependencies:
      typescript: 6.0.3
    transitivePeerDependencies:
      - '@typescript/native-preview'
      - '@volar/typescript'
      - oxc-resolver
      - vue-tsc

  typescript@6.0.3: {}

  unconfig-core@7.5.0:
    dependencies:
      '@quansync/fs': 1.0.0
      quansync: 1.0.0

  undici-types@8.3.0: {}

  verkit@0.3.2: {}

  yuku-ast@0.8.7:
    dependencies:
      '@yuku-toolchain/types': 0.8.7

  yuku-codegen@0.8.7:
    dependencies:
      '@yuku-toolchain/types': 0.8.7
    optionalDependencies:
      '@yuku-codegen/binding-android-arm64': 0.8.7
      '@yuku-codegen/binding-darwin-arm64': 0.8.7
      '@yuku-codegen/binding-darwin-x64': 0.8.7
      '@yuku-codegen/binding-freebsd-x64': 0.8.7
      '@yuku-codegen/binding-linux-arm-gnu': 0.8.7
      '@yuku-codegen/binding-linux-arm-musl': 0.8.7
      '@yuku-codegen/binding-linux-arm64-gnu': 0.8.7
      '@yuku-codegen/binding-linux-arm64-musl': 0.8.7
      '@yuku-codegen/binding-linux-x64-gnu': 0.8.7
      '@yuku-codegen/binding-linux-x64-musl': 0.8.7
      '@yuku-codegen/binding-win32-arm64': 0.8.7
      '@yuku-codegen/binding-win32-x64': 0.8.7

  yuku-parser@0.8.7:
    dependencies:
      '@yuku-toolchain/types': 0.8.7
      yuku-ast: 0.8.7
    optionalDependencies:
      '@yuku-parser/binding-android-arm64': 0.8.7
      '@yuku-parser/binding-darwin-arm64': 0.8.7
      '@yuku-parser/binding-darwin-x64': 0.8.7
      '@yuku-parser/binding-freebsd-x64': 0.8.7
      '@yuku-parser/binding-linux-arm-gnu': 0.8.7
      '@yuku-parser/binding-linux-arm-musl': 0.8.7
      '@yuku-parser/binding-linux-arm64-gnu': 0.8.7
      '@yuku-parser/binding-linux-arm64-musl': 0.8.7
      '@yuku-parser/binding-linux-x64-gnu': 0.8.7
      '@yuku-parser/binding-linux-x64-musl': 0.8.7
      '@yuku-parser/binding-win32-arm64': 0.8.7
      '@yuku-parser/binding-win32-x64': 0.8.7
